
Microsoft Visual Studio Solution File, Format Version 12.00
# Visual Studio 15
VisualStudioVersion = 15.0.27130.2026
MinimumVisualStudioVersion = 10.0.40219.1
Project("{FAE04EC0-301F-11D3-BF4B-00C04F79EFBC}") = "CountryParse", "CountryParse\CountryParse.csproj", "{4F10B174-8AB0-4E7E-82D1-29CC91076AE3}"
EndProject
Project("{FAE04EC0-301F-11D3-BF4B-00C04F79EFBC}") = "CountryParseTests", "CountryParseTests\CountryParseTests.csproj", "{7A2EB252-A4E8-4F77-AC61-62A5BA85B03D}"
EndProject
Global
	GlobalSection(SolutionConfigurationPlatforms) = preSolution
		Debug|Any CPU = Debug|Any CPU
		Release|Any CPU = Release|Any CPU
	EndGlobalSection
	GlobalSection(ProjectConfigurationPlatforms) = postSolution
		{4F10B174-8AB0-4E7E-82D1-29CC91076AE3}.Debug|Any CPU.ActiveCfg = Debug|Any CPU
		{4F10B174-8AB0-4E7E-82D1-29CC91076AE3}.Debug|Any CPU.Build.0 = Debug|Any CPU
		{4F10B174-8AB0-4E7E-82D1-29CC91076AE3}.Release|Any CPU.ActiveCfg = Release|Any CPU
		{4F10B174-8AB0-4E7E-82D1-29CC91076AE3}.Release|Any CPU.Build.0 = Release|Any CPU
		{7A2EB252-A4E8-4F77-AC61-62A5BA85B03D}.Debug|Any CPU.ActiveCfg = Debug|Any CPU
		{7A2EB252-A4E8-4F77-AC61-62A5BA85B03D}.Debug|Any CPU.Build.0 = Debug|Any CPU
		{7A2EB252-A4E8-4F77-AC61-62A5BA85B03D}.Release|Any CPU.ActiveCfg = Release|Any CPU
		{7A2EB252-A4E8-4F77-AC61-62A5BA85B03D}.Release|Any CPU.Build.0 = Release|Any CPU
	EndGlobalSection
	GlobalSection(SolutionProperties) = preSolution
		HideSolutionNode = FALSE
	EndGlobalSection
	GlobalSection(ExtensibilityGlobals) = postSolution
		SolutionGuid = {D4C4F3EB-2D9C-4030-87C9-D48C5534BDB9}
	EndGlobalSection
EndGlobal
